// !$*UTF8*$!
{
	archiveVersion = 1;
	classes = {
	};
	objectVersion = 50;
	objects = {

/* Begin PBXBuildFile section */
		92224828564F0BC5D37B3846 /* Pods_Instagram.framework in Frameworks */ = {isa = PBXBuildFile; fileRef = 8ED841AF5EEA5C3522F78A80 /* Pods_Instagram.framework */; };
		A124D96522D8C2BC0000E3D9 /* PhotoSelectorVC.swift in Sources */ = {isa = PBXBuildFile; fileRef = A124D96422D8C2BB0000E3D9 /* PhotoSelectorVC.swift */; };
		A124D96722D8DB280000E3D9 /* PhotoSelectorCell.swift in Sources */ = {isa = PBXBuildFile; fileRef = A124D96622D8DB280000E3D9 /* PhotoSelectorCell.swift */; };
		A124D96922D8ED080000E3D9 /* PhotoSelectorHeader.swift in Sources */ = {isa = PBXBuildFile; fileRef = A124D96822D8ED080000E3D9 /* PhotoSelectorHeader.swift */; };
		A124D96B22D8FFF50000E3D9 /* SharePhotoVC.swift in Sources */ = {isa = PBXBuildFile; fileRef = A124D96A22D8FFF50000E3D9 /* SharePhotoVC.swift */; };
		A124D96D22D9BDAB0000E3D9 /* Posts.swift in Sources */ = {isa = PBXBuildFile; fileRef = A124D96C22D9BDAB0000E3D9 /* Posts.swift */; };
		A124D96F22D9C27C0000E3D9 /* UserPostImageCell.swift in Sources */ = {isa = PBXBuildFile; fileRef = A124D96E22D9C27C0000E3D9 /* UserPostImageCell.swift */; };
		A124D97322DA06A10000E3D9 /* HomeViewCell.swift in Sources */ = {isa = PBXBuildFile; fileRef = A124D97222DA06A10000E3D9 /* HomeViewCell.swift */; };
		A157696D22E36A7800619862 /* ChatMessagesVC.swift in Sources */ = {isa = PBXBuildFile; fileRef = A157696C22E36A7800619862 /* ChatMessagesVC.swift */; };
		A157696F22E3705800619862 /* ChatMessages.swift in Sources */ = {isa = PBXBuildFile; fileRef = A157696E22E3705800619862 /* ChatMessages.swift */; };
		A157697122E370C600619862 /* ChatMessageCell.swift in Sources */ = {isa = PBXBuildFile; fileRef = A157697022E370C600619862 /* ChatMessageCell.swift */; };
		A1730B0C22D79F7600B89362 /* HomeVC.swift in Sources */ = {isa = PBXBuildFile; fileRef = A1730B0B22D79F7600B89362 /* HomeVC.swift */; };
		A1AF2F2F22CFD50A00A29D35 /* AppDelegate.swift in Sources */ = {isa = PBXBuildFile; fileRef = A1AF2F2E22CFD50A00A29D35 /* AppDelegate.swift */; };
		A1AF2F3122CFD50A00A29D35 /* ViewController.swift in Sources */ = {isa = PBXBuildFile; fileRef = A1AF2F3022CFD50A00A29D35 /* ViewController.swift */; };
		A1AF2F3422CFD50A00A29D35 /* Main.storyboard in Resources */ = {isa = PBXBuildFile; fileRef = A1AF2F3222CFD50A00A29D35 /* Main.storyboard */; };
		A1AF2F3622CFD53600A29D35 /* Assets.xcassets in Resources */ = {isa = PBXBuildFile; fileRef = A1AF2F3522CFD53600A29D35 /* Assets.xcassets */; };
		A1AF2F3922CFD53600A29D35 /* LaunchScreen.storyboard in Resources */ = {isa = PBXBuildFile; fileRef = A1AF2F3722CFD53600A29D35 /* LaunchScreen.storyboard */; };
		A1AF2F4522CFD5E900A29D35 /* UIView  + Constrains.swift in Sources */ = {isa = PBXBuildFile; fileRef = A1AF2F4322CFD5E900A29D35 /* UIView  + Constrains.swift */; };
		A1AF2F4622CFD5E900A29D35 /* extensions.swift in Sources */ = {isa = PBXBuildFile; fileRef = A1AF2F4422CFD5E900A29D35 /* extensions.swift */; };
		A1AF2F4922CFD5F700A29D35 /* SignupVC.swift in Sources */ = {isa = PBXBuildFile; fileRef = A1AF2F4822CFD5F700A29D35 /* SignupVC.swift */; };
		A1AF2F4C22CFD60A00A29D35 /* Functions.swift in Sources */ = {isa = PBXBuildFile; fileRef = A1AF2F4B22CFD60A00A29D35 /* Functions.swift */; };
		A1C9927222E19300002BB12A /* Comments.swift in Sources */ = {isa = PBXBuildFile; fileRef = A1C9927122E19300002BB12A /* Comments.swift */; };
		E639CD1122D5B5A100D87EE7 /* MainTabBarController.swift in Sources */ = {isa = PBXBuildFile; fileRef = E639CD1022D5B5A100D87EE7 /* MainTabBarController.swift */; };
		E639CD1322D5B76B00D87EE7 /* UserProfileController.swift in Sources */ = {isa = PBXBuildFile; fileRef = E639CD1222D5B76B00D87EE7 /* UserProfileController.swift */; };
		E639CD1722D5C3BD00D87EE7 /* GoogleService-Info.plist in Resources */ = {isa = PBXBuildFile; fileRef = E639CD1622D5C3BD00D87EE7 /* GoogleService-Info.plist */; };
		E639CD1B22D5D9FA00D87EE7 /* UserProfileHeaderCell.swift in Sources */ = {isa = PBXBuildFile; fileRef = E639CD1A22D5D9FA00D87EE7 /* UserProfileHeaderCell.swift */; };
		E639CD1F22D5DE2300D87EE7 /* User.swift in Sources */ = {isa = PBXBuildFile; fileRef = E639CD1E22D5DE2300D87EE7 /* User.swift */; };
		E654B73D22E70C5800F0A664 /* FriendListVC.swift in Sources */ = {isa = PBXBuildFile; fileRef = E654B73C22E70C5800F0A664 /* FriendListVC.swift */; };
		E654B73F22E711AD00F0A664 /* FriendListCell.swift in Sources */ = {isa = PBXBuildFile; fileRef = E654B73E22E711AD00F0A664 /* FriendListCell.swift */; };
		E6D1DF4F22D735F200DBCEE6 /* LoginVC.swift in Sources */ = {isa = PBXBuildFile; fileRef = E6D1DF4E22D735F200DBCEE6 /* LoginVC.swift */; };
		E6D6215022DF528E00CABBCE /* CommentPostVC.swift in Sources */ = {isa = PBXBuildFile; fileRef = E6D6214F22DF528E00CABBCE /* CommentPostVC.swift */; };
		E6D6215222DF588E00CABBCE /* CommentPostCell.swift in Sources */ = {isa = PBXBuildFile; fileRef = E6D6215122DF588E00CABBCE /* CommentPostCell.swift */; };
		E6EAFD3A22DB5D3700D46C9A /* UserSearchVC.swift in Sources */ = {isa = PBXBuildFile; fileRef = E6EAFD3922DB5D3700D46C9A /* UserSearchVC.swift */; };
		E6EAFD3D22DB62A000D46C9A /* UserSearchCell.swift in Sources */ = {isa = PBXBuildFile; fileRef = E6EAFD3C22DB62A000D46C9A /* UserSearchCell.swift */; };
		E6EB265822DC986300B2BF42 /* FirebaseUtils.swift in Sources */ = {isa = PBXBuildFile; fileRef = E6EB265722DC986200B2BF42 /* FirebaseUtils.swift */; };
/* End PBXBuildFile section */

/* Begin PBXFileReference section */
		294D21BE004775D17809CB45 /* Pods-Instagram.release.xcconfig */ = {isa = PBXFileReference; includeInIndex = 1; lastKnownFileType = text.xcconfig; name = "Pods-Instagram.release.xcconfig"; path = "Target Support Files/Pods-Instagram/Pods-Instagram.release.xcconfig"; sourceTree = "<group>"; };
		35003A7C0CFD70097B860BD0 /* Pods-Instagram.debug.xcconfig */ = {isa = PBXFileReference; includeInIndex = 1; lastKnownFileType = text.xcconfig; name = "Pods-Instagram.debug.xcconfig"; path = "Target Support Files/Pods-Instagram/Pods-Instagram.debug.xcconfig"; sourceTree = "<group>"; };
		8ED841AF5EEA5C3522F78A80 /* Pods_Instagram.framework */ = {isa = PBXFileReference; explicitFileType = wrapper.framework; includeInIndex = 0; path = Pods_Instagram.framework; sourceTree = BUILT_PRODUCTS_DIR; };
		A124D96422D8C2BB0000E3D9 /* PhotoSelectorVC.swift */ = {isa = PBXFileReference; lastKnownFileType = sourcecode.swift; path = PhotoSelectorVC.swift; sourceTree = "<group>"; };
		A124D96622D8DB280000E3D9 /* PhotoSelectorCell.swift */ = {isa = PBXFileReference; lastKnownFileType = sourcecode.swift; path = PhotoSelectorCell.swift; sourceTree = "<group>"; };
		A124D96822D8ED080000E3D9 /* PhotoSelectorHeader.swift */ = {isa = PBXFileReference; lastKnownFileType = sourcecode.swift; path = PhotoSelectorHeader.swift; sourceTree = "<group>"; };
		A124D96A22D8FFF50000E3D9 /* SharePhotoVC.swift */ = {isa = PBXFileReference; lastKnownFileType = sourcecode.swift; path = SharePhotoVC.swift; sourceTree = "<group>"; };
		A124D96C22D9BDAB0000E3D9 /* Posts.swift */ = {isa = PBXFileReference; lastKnownFileType = sourcecode.swift; path = Posts.swift; sourceTree = "<group>"; };
		A124D96E22D9C27C0000E3D9 /* UserPostImageCell.swift */ = {isa = PBXFileReference; lastKnownFileType = sourcecode.swift; path = UserPostImageCell.swift; sourceTree = "<group>"; };
		A124D97222DA06A10000E3D9 /* HomeViewCell.swift */ = {isa = PBXFileReference; lastKnownFileType = sourcecode.swift; path = HomeViewCell.swift; sourceTree = "<group>"; };
		A157696C22E36A7800619862 /* ChatMessagesVC.swift */ = {isa = PBXFileReference; lastKnownFileType = sourcecode.swift; path = ChatMessagesVC.swift; sourceTree = "<group>"; };
		A157696E22E3705800619862 /* ChatMessages.swift */ = {isa = PBXFileReference; lastKnownFileType = sourcecode.swift; path = ChatMessages.swift; sourceTree = "<group>"; };
		A157697022E370C600619862 /* ChatMessageCell.swift */ = {isa = PBXFileReference; lastKnownFileType = sourcecode.swift; path = ChatMessageCell.swift; sourceTree = "<group>"; };
		A1730B0B22D79F7600B89362 /* HomeVC.swift */ = {isa = PBXFileReference; lastKnownFileType = sourcecode.swift; path = HomeVC.swift; sourceTree = "<group>"; };
		A1AF2F2B22CFD50A00A29D35 /* Instagram.app */ = {isa = PBXFileReference; explicitFileType = wrapper.application; includeInIndex = 0; path = Instagram.app; sourceTree = BUILT_PRODUCTS_DIR; };
		A1AF2F2E22CFD50A00A29D35 /* AppDelegate.swift */ = {isa = PBXFileReference; lastKnownFileType = sourcecode.swift; path = AppDelegate.swift; sourceTree = "<group>"; };
		A1AF2F3022CFD50A00A29D35 /* ViewController.swift */ = {isa = PBXFileReference; lastKnownFileType = sourcecode.swift; path = ViewController.swift; sourceTree = "<group>"; };
		A1AF2F3322CFD50A00A29D35 /* Base */ = {isa = PBXFileReference; lastKnownFileType = file.storyboard; name = Base; path = Base.lproj/Main.storyboard; sourceTree = "<group>"; };
		A1AF2F3522CFD53600A29D35 /* Assets.xcassets */ = {isa = PBXFileReference; lastKnownFileType = folder.assetcatalog; path = Assets.xcassets; sourceTree = "<group>"; };
		A1AF2F3822CFD53600A29D35 /* Base */ = {isa = PBXFileReference; lastKnownFileType = file.storyboard; name = Base; path = Base.lproj/LaunchScreen.storyboard; sourceTree = "<group>"; };
		A1AF2F3A22CFD53600A29D35 /* Info.plist */ = {isa = PBXFileReference; lastKnownFileType = text.plist.xml; path = Info.plist; sourceTree = "<group>"; };
		A1AF2F4322CFD5E900A29D35 /* UIView  + Constrains.swift */ = {isa = PBXFileReference; fileEncoding = 4; lastKnownFileType = sourcecode.swift; path = "UIView  + Constrains.swift"; sourceTree = "<group>"; };
		A1AF2F4422CFD5E900A29D35 /* extensions.swift */ = {isa = PBXFileReference; fileEncoding = 4; lastKnownFileType = sourcecode.swift; path = extensions.swift; sourceTree = "<group>"; };
		A1AF2F4822CFD5F700A29D35 /* SignupVC.swift */ = {isa = PBXFileReference; fileEncoding = 4; lastKnownFileType = sourcecode.swift; path = SignupVC.swift; sourceTree = "<group>"; };
		A1AF2F4B22CFD60A00A29D35 /* Functions.swift */ = {isa = PBXFileReference; fileEncoding = 4; lastKnownFileType = sourcecode.swift; path = Functions.swift; sourceTree = "<group>"; };
		A1C9927122E19300002BB12A /* Comments.swift */ = {isa = PBXFileReference; lastKnownFileType = sourcecode.swift; path = Comments.swift; sourceTree = "<group>"; };
		E639CD1022D5B5A100D87EE7 /* MainTabBarController.swift */ = {isa = PBXFileReference; lastKnownFileType = sourcecode.swift; path = MainTabBarController.swift; sourceTree = "<group>"; };
		E639CD1222D5B76B00D87EE7 /* UserProfileController.swift */ = {isa = PBXFileReference; lastKnownFileType = sourcecode.swift; path = UserProfileController.swift; sourceTree = "<group>"; };
		E639CD1622D5C3BD00D87EE7 /* GoogleService-Info.plist */ = {isa = PBXFileReference; fileEncoding = 4; lastKnownFileType = text.plist.xml; path = "GoogleService-Info.plist"; sourceTree = "<group>"; };
		E639CD1A22D5D9FA00D87EE7 /* UserProfileHeaderCell.swift */ = {isa = PBXFileReference; lastKnownFileType = sourcecode.swift; path = UserProfileHeaderCell.swift; sourceTree = "<group>"; };
		E639CD1E22D5DE2300D87EE7 /* User.swift */ = {isa = PBXFileReference; lastKnownFileType = sourcecode.swift; path = User.swift; sourceTree = "<group>"; };
		E654B73C22E70C5800F0A664 /* FriendListVC.swift */ = {isa = PBXFileReference; lastKnownFileType = sourcecode.swift; path = FriendListVC.swift; sourceTree = "<group>"; };
		E654B73E22E711AD00F0A664 /* FriendListCell.swift */ = {isa = PBXFileReference; lastKnownFileType = sourcecode.swift; path = FriendListCell.swift; sourceTree = "<group>"; };
		E6D1DF4E22D735F200DBCEE6 /* LoginVC.swift */ = {isa = PBXFileReference; lastKnownFileType = sourcecode.swift; path = LoginVC.swift; sourceTree = "<group>"; };
		E6D6214F22DF528E00CABBCE /* CommentPostVC.swift */ = {isa = PBXFileReference; lastKnownFileType = sourcecode.swift; path = CommentPostVC.swift; sourceTree = "<group>"; };
		E6D6215122DF588E00CABBCE /* CommentPostCell.swift */ = {isa = PBXFileReference; lastKnownFileType = sourcecode.swift; path = CommentPostCell.swift; sourceTree = "<group>"; };
		E6EAFD3922DB5D3700D46C9A /* UserSearchVC.swift */ = {isa = PBXFileReference; lastKnownFileType = sourcecode.swift; path = UserSearchVC.swift; sourceTree = "<group>"; };
		E6EAFD3C22DB62A000D46C9A /* UserSearchCell.swift */ = {isa = PBXFileReference; lastKnownFileType = sourcecode.swift; path = UserSearchCell.swift; sourceTree = "<group>"; };
		E6EB265722DC986200B2BF42 /* FirebaseUtils.swift */ = {isa = PBXFileReference; lastKnownFileType = sourcecode.swift; path = FirebaseUtils.swift; sourceTree = "<group>"; };
/* End PBXFileReference section */

/* Begin PBXFrameworksBuildPhase section */
		A1AF2F2822CFD50A00A29D35 /* Frameworks */ = {
			isa = PBXFrameworksBuildPhase;
			buildActionMask = 2147483647;
			files = (
				92224828564F0BC5D37B3846 /* Pods_Instagram.framework in Frameworks */,
			);
			runOnlyForDeploymentPostprocessing = 0;
		};
/* End PBXFrameworksBuildPhase section */

/* Begin PBXGroup section */
		03D4E5C8CF4C2B07927DD23C /* Frameworks */ = {
			isa = PBXGroup;
			children = (
				8ED841AF5EEA5C3522F78A80 /* Pods_Instagram.framework */,
			);
			name = Frameworks;
			sourceTree = "<group>";
		};
		5C534818E7F149617CFF4424 /* Pods */ = {
			isa = PBXGroup;
			children = (
				35003A7C0CFD70097B860BD0 /* Pods-Instagram.debug.xcconfig */,
				294D21BE004775D17809CB45 /* Pods-Instagram.release.xcconfig */,
			);
			path = Pods;
			sourceTree = "<group>";
		};
		A124D96322D8C2660000E3D9 /* AddPhoto */ = {
			isa = PBXGroup;
			children = (
				A124D96422D8C2BB0000E3D9 /* PhotoSelectorVC.swift */,
				A124D96622D8DB280000E3D9 /* PhotoSelectorCell.swift */,
				A124D96822D8ED080000E3D9 /* PhotoSelectorHeader.swift */,
				A124D96A22D8FFF50000E3D9 /* SharePhotoVC.swift */,
			);
			path = AddPhoto;
			sourceTree = "<group>";
		};
		A124D97122DA06790000E3D9 /* Cell */ = {
			isa = PBXGroup;
			children = (
				E6EAFD3B22DB627500D46C9A /* UserSearch */,
				A124D97422DA0BDF0000E3D9 /* Home */,
				E639CD1922D5D9B800D87EE7 /* userProfile */,
			);
			path = Cell;
			sourceTree = "<group>";
		};
		A124D97422DA0BDF0000E3D9 /* Home */ = {
			isa = PBXGroup;
			children = (
				A124D97222DA06A10000E3D9 /* HomeViewCell.swift */,
				E6D6215122DF588E00CABBCE /* CommentPostCell.swift */,
				A157697022E370C600619862 /* ChatMessageCell.swift */,
			);
			path = Home;
			sourceTree = "<group>";
		};
		A124D97522DA104B0000E3D9 /* App */ = {
			isa = PBXGroup;
			children = (
				A1AF2F2E22CFD50A00A29D35 /* AppDelegate.swift */,
				A1AF2F3022CFD50A00A29D35 /* ViewController.swift */,
				A1AF2F3222CFD50A00A29D35 /* Main.storyboard */,
				A1AF2F3722CFD53600A29D35 /* LaunchScreen.storyboard */,
			);
			path = App;
			sourceTree = "<group>";
		};
		A124D97622DA107A0000E3D9 /* Services */ = {
			isa = PBXGroup;
			children = (
				E639CD1622D5C3BD00D87EE7 /* GoogleService-Info.plist */,
			);
			path = Services;
			sourceTree = "<group>";
		};
		A1730B0A22D79EF700B89362 /* Login */ = {
			isa = PBXGroup;
			children = (
				A1AF2F4822CFD5F700A29D35 /* SignupVC.swift */,
				E6D1DF4E22D735F200DBCEE6 /* LoginVC.swift */,
			);
			path = Login;
			sourceTree = "<group>";
		};
		A1AF2F2222CFD50A00A29D35 = {
			isa = PBXGroup;
			children = (
				A1AF2F2D22CFD50A00A29D35 /* Instagram */,
				A1AF2F2C22CFD50A00A29D35 /* Products */,
				5C534818E7F149617CFF4424 /* Pods */,
				03D4E5C8CF4C2B07927DD23C /* Frameworks */,
			);
			sourceTree = "<group>";
		};
		A1AF2F2C22CFD50A00A29D35 /* Products */ = {
			isa = PBXGroup;
			children = (
				A1AF2F2B22CFD50A00A29D35 /* Instagram.app */,
			);
			name = Products;
			sourceTree = "<group>";
		};
		A1AF2F2D22CFD50A00A29D35 /* Instagram */ = {
			isa = PBXGroup;
			children = (
				A1AF2F3A22CFD53600A29D35 /* Info.plist */,
				A1AF2F3522CFD53600A29D35 /* Assets.xcassets */,
				E639CD1D22D5DDFA00D87EE7 /* model */,
				A1AF2F4722CFD5F700A29D35 /* View */,
				A124D97122DA06790000E3D9 /* Cell */,
				A1AF2F4222CFD5E900A29D35 /* extensions */,
				A1AF2F4A22CFD60A00A29D35 /* Utils */,
				A124D97622DA107A0000E3D9 /* Services */,
				A124D97522DA104B0000E3D9 /* App */,
			);
			path = Instagram;
			sourceTree = "<group>";
		};
		A1AF2F4222CFD5E900A29D35 /* extensions */ = {
			isa = PBXGroup;
			children = (
				A1AF2F4322CFD5E900A29D35 /* UIView  + Constrains.swift */,
				A1AF2F4422CFD5E900A29D35 /* extensions.swift */,
			);
			path = extensions;
			sourceTree = "<group>";
		};
		A1AF2F4722CFD5F700A29D35 /* View */ = {
			isa = PBXGroup;
			children = (
				A124D96322D8C2660000E3D9 /* AddPhoto */,
				A1730B0A22D79EF700B89362 /* Login */,
				E639CD1022D5B5A100D87EE7 /* MainTabBarController.swift */,
				E639CD1222D5B76B00D87EE7 /* UserProfileController.swift */,
				A1730B0B22D79F7600B89362 /* HomeVC.swift */,
				E6EAFD3922DB5D3700D46C9A /* UserSearchVC.swift */,
				E6D6214F22DF528E00CABBCE /* CommentPostVC.swift */,
				A157696C22E36A7800619862 /* ChatMessagesVC.swift */,
				E654B73C22E70C5800F0A664 /* FriendListVC.swift */,
			);
			path = View;
			sourceTree = "<group>";
		};
		A1AF2F4A22CFD60A00A29D35 /* Utils */ = {
			isa = PBXGroup;
			children = (
				A1AF2F4B22CFD60A00A29D35 /* Functions.swift */,
				E6EB265722DC986200B2BF42 /* FirebaseUtils.swift */,
			);
			path = Utils;
			sourceTree = "<group>";
		};
		E639CD1922D5D9B800D87EE7 /* userProfile */ = {
			isa = PBXGroup;
			children = (
				E639CD1A22D5D9FA00D87EE7 /* UserProfileHeaderCell.swift */,
				A124D96E22D9C27C0000E3D9 /* UserPostImageCell.swift */,
				E654B73E22E711AD00F0A664 /* FriendListCell.swift */,
			);
			name = userProfile;
			path = UserProfile.temp_caseinsensitive_rename.;
			sourceTree = "<group>";
		};
		E639CD1D22D5DDFA00D87EE7 /* model */ = {
			isa = PBXGroup;
			children = (
				E639CD1E22D5DE2300D87EE7 /* User.swift */,
				A124D96C22D9BDAB0000E3D9 /* Posts.swift */,
				A1C9927122E19300002BB12A /* Comments.swift */,
				A157696E22E3705800619862 /* ChatMessages.swift */,
			);
			path = model;
			sourceTree = "<group>";
		};
		E6EAFD3B22DB627500D46C9A /* UserSearch */ = {
			isa = PBXGroup;
			children = (
				E6EAFD3C22DB62A000D46C9A /* UserSearchCell.swift */,
			);
			path = UserSearch;
			sourceTree = "<group>";
		};
/* End PBXGroup section */

/* Begin PBXNativeTarget section */
		A1AF2F2A22CFD50A00A29D35 /* Instagram */ = {
			isa = PBXNativeTarget;
			buildConfigurationList = A1AF2F3D22CFD53600A29D35 /* Build configuration list for PBXNativeTarget "Instagram" */;
			buildPhases = (
				91DD02FCC1F11B32836E9514 /* [CP] Check Pods Manifest.lock */,
				A1AF2F2722CFD50A00A29D35 /* Sources */,
				A1AF2F2822CFD50A00A29D35 /* Frameworks */,
				A1AF2F2922CFD50A00A29D35 /* Resources */,
				618E1AB47E22708BEB62CF4C /* [CP] Embed Pods Frameworks */,
			);
			buildRules = (
			);
			dependencies = (
			);
			name = Instagram;
			productName = Instagram;
			productReference = A1AF2F2B22CFD50A00A29D35 /* Instagram.app */;
			productType = "com.apple.product-type.application";
		};
/* End PBXNativeTarget section */

/* Begin PBXProject section */
		A1AF2F2322CFD50A00A29D35 /* Project object */ = {
			isa = PBXProject;
			attributes = {
				LastSwiftUpdateCheck = 1010;
				LastUpgradeCheck = 1010;
				ORGANIZATIONNAME = sinbad;
				TargetAttributes = {
					A1AF2F2A22CFD50A00A29D35 = {
						CreatedOnToolsVersion = 10.1;
					};
				};
			};
			buildConfigurationList = A1AF2F2622CFD50A00A29D35 /* Build configuration list for PBXProject "Instagram" */;
			compatibilityVersion = "Xcode 9.3";
			developmentRegion = en;
			hasScannedForEncodings = 0;
			knownRegions = (
				en,
				Base,
			);
			mainGroup = A1AF2F2222CFD50A00A29D35;
			productRefGroup = A1AF2F2C22CFD50A00A29D35 /* Products */;
			projectDirPath = "";
			projectRoot = "";
			targets = (
				A1AF2F2A22CFD50A00A29D35 /* Instagram */,
			);
		};
/* End PBXProject section */

/* Begin PBXResourcesBuildPhase section */
		A1AF2F2922CFD50A00A29D35 /* Resources */ = {
			isa = PBXResourcesBuildPhase;
			buildActionMask = 2147483647;
			files = (
				A1AF2F3922CFD53600A29D35 /* LaunchScreen.storyboard in Resources */,
				E639CD1722D5C3BD00D87EE7 /* GoogleService-Info.plist in Resources */,
				A1AF2F3622CFD53600A29D35 /* Assets.xcassets in Resources */,
				A1AF2F3422CFD50A00A29D35 /* Main.storyboard in Resources */,
			);
			runOnlyForDeploymentPostprocessing = 0;
		};
/* End PBXResourcesBuildPhase section */

/* Begin PBXShellScriptBuildPhase section */
		618E1AB47E22708BEB62CF4C /* [CP] Embed Pods Frameworks */ = {
			isa = PBXShellScriptBuildPhase;
			buildActionMask = 2147483647;
			files = (
			);
			inputFileListPaths = (
			);
			inputPaths = (
				"${PODS_ROOT}/Target Support Files/Pods-Instagram/Pods-Instagram-frameworks.sh",
				"${BUILT_PRODUCTS_DIR}/GTMSessionFetcher/GTMSessionFetcher.framework",
				"${BUILT_PRODUCTS_DIR}/GoogleUtilities/GoogleUtilities.framework",
				"${BUILT_PRODUCTS_DIR}/Protobuf/Protobuf.framework",
				"${BUILT_PRODUCTS_DIR}/SDWebImage/SDWebImage.framework",
				"${BUILT_PRODUCTS_DIR}/leveldb-library/leveldb.framework",
				"${BUILT_PRODUCTS_DIR}/nanopb/nanopb.framework",
			);
			name = "[CP] Embed Pods Frameworks";
			outputFileListPaths = (
			);
			outputPaths = (
				"${TARGET_BUILD_DIR}/${FRAMEWORKS_FOLDER_PATH}/GTMSessionFetcher.framework",
				"${TARGET_BUILD_DIR}/${FRAMEWORKS_FOLDER_PATH}/GoogleUtilities.framework",
				"${TARGET_BUILD_DIR}/${FRAMEWORKS_FOLDER_PATH}/Protobuf.framework",
				"${TARGET_BUILD_DIR}/${FRAMEWORKS_FOLDER_PATH}/SDWebImage.framework",
				"${TARGET_BUILD_DIR}/${FRAMEWORKS_FOLDER_PATH}/leveldb.framework",
				"${TARGET_BUILD_DIR}/${FRAMEWORKS_FOLDER_PATH}/nanopb.framework",
			);
			runOnlyForDeploymentPostprocessing = 0;
			shellPath = /bin/sh;
			shellScript = "\"${PODS_ROOT}/Target Support Files/Pods-Instagram/Pods-Instagram-frameworks.sh\"\n";
			showEnvVarsInLog = 0;
		};
		91DD02FCC1F11B32836E9514 /* [CP] Check Pods Manifest.lock */ = {
			isa = PBXShellScriptBuildPhase;
			buildActionMask = 2147483647;
			files = (
			);
			inputFileListPaths = (
			);
			inputPaths = (
				"${PODS_PODFILE_DIR_PATH}/Podfile.lock",
				"${PODS_ROOT}/Manifest.lock",
			);
			name = "[CP] Check Pods Manifest.lock";
			outputFileListPaths = (
			);
			outputPaths = (
				"$(DERIVED_FILE_DIR)/Pods-Instagram-checkManifestLockResult.txt",
			);
			runOnlyForDeploymentPostprocessing = 0;
			shellPath = /bin/sh;
			shellScript = "diff \"${PODS_PODFILE_DIR_PATH}/Podfile.lock\" \"${PODS_ROOT}/Manifest.lock\" > /dev/null\nif [ $? != 0 ] ; then\n    # print error to STDERR\n    echo \"error: The sandbox is not in sync with the Podfile.lock. Run 'pod install' or update your CocoaPods installation.\" >&2\n    exit 1\nfi\n# This output is used by Xcode 'outputs' to avoid re-running this script phase.\necho \"SUCCESS\" > \"${SCRIPT_OUTPUT_FILE_0}\"\n";
			showEnvVarsInLog = 0;
		};
/* End PBXShellScriptBuildPhase section */

/* Begin PBXSourcesBuildPhase section */
		A1AF2F2722CFD50A00A29D35 /* Sources */ = {
			isa = PBXSourcesBuildPhase;
			buildActionMask = 2147483647;
			files = (
				E6EB265822DC986300B2BF42 /* FirebaseUtils.swift in Sources */,
				E6D6215222DF588E00CABBCE /* CommentPostCell.swift in Sources */,
				A124D96D22D9BDAB0000E3D9 /* Posts.swift in Sources */,
				E6D1DF4F22D735F200DBCEE6 /* LoginVC.swift in Sources */,
				A1AF2F3122CFD50A00A29D35 /* ViewController.swift in Sources */,
				A157697122E370C600619862 /* ChatMessageCell.swift in Sources */,
				A1AF2F4922CFD5F700A29D35 /* SignupVC.swift in Sources */,
				E654B73F22E711AD00F0A664 /* FriendListCell.swift in Sources */,
				E654B73D22E70C5800F0A664 /* FriendListVC.swift in Sources */,
				A1C9927222E19300002BB12A /* Comments.swift in Sources */,
				A124D96B22D8FFF50000E3D9 /* SharePhotoVC.swift in Sources */,
				A157696F22E3705800619862 /* ChatMessages.swift in Sources */,
				A124D96922D8ED080000E3D9 /* PhotoSelectorHeader.swift in Sources */,
				A124D97322DA06A10000E3D9 /* HomeViewCell.swift in Sources */,
				A124D96722D8DB280000E3D9 /* PhotoSelectorCell.swift in Sources */,
				E639CD1322D5B76B00D87EE7 /* UserProfileController.swift in Sources */,
				A124D96F22D9C27C0000E3D9 /* UserPostImageCell.swift in Sources */,
				E6EAFD3D22DB62A000D46C9A /* UserSearchCell.swift in Sources */,
				A1AF2F2F22CFD50A00A29D35 /* AppDelegate.swift in Sources */,
				E639CD1122D5B5A100D87EE7 /* MainTabBarController.swift in Sources */,
				A124D96522D8C2BC0000E3D9 /* PhotoSelectorVC.swift in Sources */,
				A157696D22E36A7800619862 /* ChatMessagesVC.swift in Sources */,
				A1AF2F4522CFD5E900A29D35 /* UIView  + Constrains.swift in Sources */,
				A1AF2F4622CFD5E900A29D35 /* extensions.swift in Sources */,
				E639CD1B22D5D9FA00D87EE7 /* UserProfileHeaderCell.swift in Sources */,
				E6EAFD3A22DB5D3700D46C9A /* UserSearchVC.swift in Sources */,
				A1730B0C22D79F7600B89362 /* HomeVC.swift in Sources */,
				E639CD1F22D5DE2300D87EE7 /* User.swift in Sources */,
				E6D6215022DF528E00CABBCE /* CommentPostVC.swift in Sources */,
				A1AF2F4C22CFD60A00A29D35 /* Functions.swift in Sources */,
			);
			runOnlyForDeploymentPostprocessing = 0;
		};
/* End PBXSourcesBuildPhase section */

/* Begin PBXVariantGroup section */
		A1AF2F3222CFD50A00A29D35 /* Main.storyboard */ = {
			isa = PBXVariantGroup;
			children = (
				A1AF2F3322CFD50A00A29D35 /* Base */,
			);
			name = Main.storyboard;
			sourceTree = "<group>";
		};
		A1AF2F3722CFD53600A29D35 /* LaunchScreen.storyboard */ = {
			isa = PBXVariantGroup;
			children = (
				A1AF2F3822CFD53600A29D35 /* Base */,
			);
			name = LaunchScreen.storyboard;
			sourceTree = "<group>";
		};
/* End PBXVariantGroup section */

/* Begin XCBuildConfiguration section */
		A1AF2F3B22CFD53600A29D35 /* Debug */ = {
			isa = XCBuildConfiguration;
			buildSettings = {
				ALWAYS_SEARCH_USER_PATHS = NO;
				CLANG_ANALYZER_NONNULL = YES;
				CLANG_ANALYZER_NUMBER_OBJECT_CONVERSION = YES_AGGRESSIVE;
				CLANG_CXX_LANGUAGE_STANDARD = "gnu++14";
				CLANG_CXX_LIBRARY = "libc++";
				CLANG_ENABLE_MODULES = YES;
				CLANG_ENABLE_OBJC_ARC = YES;
				CLANG_ENABLE_OBJC_WEAK = YES;
				CLANG_WARN_BLOCK_CAPTURE_AUTORELEASING = YES;
				CLANG_WARN_BOOL_CONVERSION = YES;
				CLANG_WARN_COMMA = YES;
				CLANG_WARN_CONSTANT_CONVERSION = YES;
				CLANG_WARN_DEPRECATED_OBJC_IMPLEMENTATIONS = YES;
				CLANG_WARN_DIRECT_OBJC_ISA_USAGE = YES_ERROR;
				CLANG_WARN_DOCUMENTATION_COMMENTS = YES;
				CLANG_WARN_EMPTY_BODY = YES;
				CLANG_WARN_ENUM_CONVERSION = YES;
				CLANG_WARN_INFINITE_RECURSION = YES;
				CLANG_WARN_INT_CONVERSION = YES;
				CLANG_WARN_NON_LITERAL_NULL_CONVERSION = YES;
				CLANG_WARN_OBJC_IMPLICIT_RETAIN_SELF = YES;
				CLANG_WARN_OBJC_LITERAL_CONVERSION = YES;
				CLANG_WARN_OBJC_ROOT_CLASS = YES_ERROR;
				CLANG_WARN_RANGE_LOOP_ANALYSIS = YES;
				CLANG_WARN_STRICT_PROTOTYPES = YES;
				CLANG_WARN_SUSPICIOUS_MOVE = YES;
				CLANG_WARN_UNGUARDED_AVAILABILITY = YES_AGGRESSIVE;
				CLANG_WARN_UNREACHABLE_CODE = YES;
				CLANG_WARN__DUPLICATE_METHOD_MATCH = YES;
				CODE_SIGN_IDENTITY = "iPhone Developer";
				COPY_PHASE_STRIP = NO;
				DEBUG_INFORMATION_FORMAT = dwarf;
				ENABLE_STRICT_OBJC_MSGSEND = YES;
				ENABLE_TESTABILITY = YES;
				GCC_C_LANGUAGE_STANDARD = gnu11;
				GCC_DYNAMIC_NO_PIC = NO;
				GCC_NO_COMMON_BLOCKS = YES;
				GCC_OPTIMIZATION_LEVEL = 0;
				GCC_PREPROCESSOR_DEFINITIONS = (
					"DEBUG=1",
					"$(inherited)",
				);
				GCC_WARN_64_TO_32_BIT_CONVERSION = YES;
				GCC_WARN_ABOUT_RETURN_TYPE = YES_ERROR;
				GCC_WARN_UNDECLARED_SELECTOR = YES;
				GCC_WARN_UNINITIALIZED_AUTOS = YES_AGGRESSIVE;
				GCC_WARN_UNUSED_FUNCTION = YES;
				GCC_WARN_UNUSED_VARIABLE = YES;
				IPHONEOS_DEPLOYMENT_TARGET = 12.1;
				MTL_ENABLE_DEBUG_INFO = INCLUDE_SOURCE;
				MTL_FAST_MATH = YES;
				ONLY_ACTIVE_ARCH = YES;
				SDKROOT = iphoneos;
				SWIFT_ACTIVE_COMPILATION_CONDITIONS = DEBUG;
				SWIFT_OPTIMIZATION_LEVEL = "-Onone";
			};
			name = Debug;
		};
		A1AF2F3C22CFD53600A29D35 /* Release */ = {
			isa = XCBuildConfiguration;
			buildSettings = {
				ALWAYS_SEARCH_USER_PATHS = NO;
				CLANG_ANALYZER_NONNULL = YES;
				CLANG_ANALYZER_NUMBER_OBJECT_CONVERSION = YES_AGGRESSIVE;
				CLANG_CXX_LANGUAGE_STANDARD = "gnu++14";
				CLANG_CXX_LIBRARY = "libc++";
				CLANG_ENABLE_MODULES = YES;
				CLANG_ENABLE_OBJC_ARC = YES;
				CLANG_ENABLE_OBJC_WEAK = YES;
				CLANG_WARN_BLOCK_CAPTURE_AUTORELEASING = YES;
				CLANG_WARN_BOOL_CONVERSION = YES;
				CLANG_WARN_COMMA = YES;
				CLANG_WARN_CONSTANT_CONVERSION = YES;
				CLANG_WARN_DEPRECATED_OBJC_IMPLEMENTATIONS = YES;
				CLANG_WARN_DIRECT_OBJC_ISA_USAGE = YES_ERROR;
				CLANG_WARN_DOCUMENTATION_COMMENTS = YES;
				CLANG_WARN_EMPTY_BODY = YES;
				CLANG_WARN_ENUM_CONVERSION = YES;
				CLANG_WARN_INFINITE_RECURSION = YES;
				CLANG_WARN_INT_CONVERSION = YES;
				CLANG_WARN_NON_LITERAL_NULL_CONVERSION = YES;
				CLANG_WARN_OBJC_IMPLICIT_RETAIN_SELF = YES;
				CLANG_WARN_OBJC_LITERAL_CONVERSION = YES;
				CLANG_WARN_OBJC_ROOT_CLASS = YES_ERROR;
				CLANG_WARN_RANGE_LOOP_ANALYSIS = YES;
				CLANG_WARN_STRICT_PROTOTYPES = YES;
				CLANG_WARN_SUSPICIOUS_MOVE = YES;
				CLANG_WARN_UNGUARDED_AVAILABILITY = YES_AGGRESSIVE;
				CLANG_WARN_UNREACHABLE_CODE = YES;
				CLANG_WARN__DUPLICATE_METHOD_MATCH = YES;
				CODE_SIGN_IDENTITY = "iPhone Developer";
				COPY_PHASE_STRIP = NO;
				DEBUG_INFORMATION_FORMAT = "dwarf-with-dsym";
				ENABLE_NS_ASSERTIONS = NO;
				ENABLE_STRICT_OBJC_MSGSEND = YES;
				GCC_C_LANGUAGE_STANDARD = gnu11;
				GCC_NO_COMMON_BLOCKS = YES;
				GCC_WARN_64_TO_32_BIT_CONVERSION = YES;
				GCC_WARN_ABOUT_RETURN_TYPE = YES_ERROR;
				GCC_WARN_UNDECLARED_SELECTOR = YES;
				GCC_WARN_UNINITIALIZED_AUTOS = YES_AGGRESSIVE;
				GCC_WARN_UNUSED_FUNCTION = YES;
				GCC_WARN_UNUSED_VARIABLE = YES;
				IPHONEOS_DEPLOYMENT_TARGET = 12.1;
				MTL_ENABLE_DEBUG_INFO = NO;
				MTL_FAST_MATH = YES;
				SDKROOT = iphoneos;
				SWIFT_COMPILATION_MODE = wholemodule;
				SWIFT_OPTIMIZATION_LEVEL = "-O";
				VALIDATE_PRODUCT = YES;
			};
			name = Release;
		};
		A1AF2F3E22CFD53600A29D35 /* Debug */ = {
			isa = XCBuildConfiguration;
			baseConfigurationReference = 35003A7C0CFD70097B860BD0 /* Pods-Instagram.debug.xcconfig */;
			buildSettings = {
				ASSETCATALOG_COMPILER_APPICON_NAME = AppIcon;
				CODE_SIGN_STYLE = Automatic;
				INFOPLIST_FILE = Instagram/Info.plist;
				IPHONEOS_DEPLOYMENT_TARGET = 11.3;
				LD_RUNPATH_SEARCH_PATHS = (
					"$(inherited)",
					"@executable_path/Frameworks",
				);
				PRODUCT_BUNDLE_IDENTIFIER = devsloop.Instagram;
				PRODUCT_NAME = "$(TARGET_NAME)";
				SWIFT_VERSION = 4.2;
				TARGETED_DEVICE_FAMILY = "1,2";
			};
			name = Debug;
		};
		A1AF2F3F22CFD53600A29D35 /* Release */ = {
			isa = XCBuildConfiguration;
			baseConfigurationReference = 294D21BE004775D17809CB45 /* Pods-Instagram.release.xcconfig */;
			buildSettings = {
				ASSETCATALOG_COMPILER_APPICON_NAME = AppIcon;
				CODE_SIGN_STYLE = Automatic;
				INFOPLIST_FILE = Instagram/Info.plist;
				IPHONEOS_DEPLOYMENT_TARGET = 11.3;
				LD_RUNPATH_SEARCH_PATHS = (
					"$(inherited)",
					"@executable_path/Frameworks",
				);
				PRODUCT_BUNDLE_IDENTIFIER = devsloop.Instagram;
				PRODUCT_NAME = "$(TARGET_NAME)";
				SWIFT_VERSION = 4.2;
				TARGETED_DEVICE_FAMILY = "1,2";
			};
			name = Release;
		};
/* End XCBuildConfiguration section */

/* Begin XCConfigurationList section */
		A1AF2F2622CFD50A00A29D35 /* Build configuration list for PBXProject "Instagram" */ = {
			isa = XCConfigurationList;
			buildConfigurations = (
				A1AF2F3B22CFD53600A29D35 /* Debug */,
				A1AF2F3C22CFD53600A29D35 /* Release */,
			);
			defaultConfigurationIsVisible = 0;
			defaultConfigurationName = Release;
		};
		A1AF2F3D22CFD53600A29D35 /* Build configuration list for PBXNativeTarget "Instagram" */ = {
			isa = XCConfigurationList;
			buildConfigurations = (
				A1AF2F3E22CFD53600A29D35 /* Debug */,
				A1AF2F3F22CFD53600A29D35 /* Release */,
			);
			defaultConfigurationIsVisible = 0;
			defaultConfigurationName = Release;
		};
/* End XCConfigurationList section */
	};
	rootObject = A1AF2F2322CFD50A00A29D35 /* Project object */;
}
